// !$*UTF8*$!
{
	archiveVersion = 1;
	classes = {
	};
	objectVersion = 50;
	objects = {

/* Begin PBXBuildFile section */
		DC6E1BF1228BF80700A4A1F9 /* LaptopModel.swift in Sources */ = {isa = PBXBuildFile; fileRef = DC6E1BF0228BF80700A4A1F9 /* LaptopModel.swift */; };
		DC6E1BF3228C030900A4A1F9 /* FacilitatorModel.swift in Sources */ = {isa = PBXBuildFile; fileRef = DC6E1BF2228C030900A4A1F9 /* FacilitatorModel.swift */; };
		DC6E1BF5228C098E00A4A1F9 /* RoundedButton.swift in Sources */ = {isa = PBXBuildFile; fileRef = DC6E1BF4228C098E00A4A1F9 /* RoundedButton.swift */; };
		DCF93378228BD8580045CC3F /* AppDelegate.swift in Sources */ = {isa = PBXBuildFile; fileRef = DCF93377228BD8580045CC3F /* AppDelegate.swift */; };
		DCF9337A228BD8580045CC3F /* ViewController.swift in Sources */ = {isa = PBXBuildFile; fileRef = DCF93379228BD8580045CC3F /* ViewController.swift */; };
		DCF9337D228BD8590045CC3F /* Main.storyboard in Resources */ = {isa = PBXBuildFile; fileRef = DCF9337B228BD8590045CC3F /* Main.storyboard */; };
		DCF9337F228BD85C0045CC3F /* Assets.xcassets in Resources */ = {isa = PBXBuildFile; fileRef = DCF9337E228BD85C0045CC3F /* Assets.xcassets */; };
		DCF93382228BD85C0045CC3F /* LaunchScreen.storyboard in Resources */ = {isa = PBXBuildFile; fileRef = DCF93380228BD85C0045CC3F /* LaunchScreen.storyboard */; };
		DCF9338A228BE5960045CC3F /* LearnerModel.swift in Sources */ = {isa = PBXBuildFile; fileRef = DCF93389228BE5960045CC3F /* LearnerModel.swift */; };
/* End PBXBuildFile section */

/* Begin PBXFileReference section */
		DC6E1BF0228BF80700A4A1F9 /* LaptopModel.swift */ = {isa = PBXFileReference; lastKnownFileType = sourcecode.swift; path = LaptopModel.swift; sourceTree = "<group>"; };
		DC6E1BF2228C030900A4A1F9 /* FacilitatorModel.swift */ = {isa = PBXFileReference; lastKnownFileType = sourcecode.swift; path = FacilitatorModel.swift; sourceTree = "<group>"; };
		DC6E1BF4228C098E00A4A1F9 /* RoundedButton.swift */ = {isa = PBXFileReference; lastKnownFileType = sourcecode.swift; path = RoundedButton.swift; sourceTree = "<group>"; };
		DCF93374228BD8580045CC3F /* LearnerOOP.app */ = {isa = PBXFileReference; explicitFileType = wrapper.application; includeInIndex = 0; path = LearnerOOP.app; sourceTree = BUILT_PRODUCTS_DIR; };
		DCF93377228BD8580045CC3F /* AppDelegate.swift */ = {isa = PBXFileReference; lastKnownFileType = sourcecode.swift; path = AppDelegate.swift; sourceTree = "<group>"; };
		DCF93379228BD8580045CC3F /* ViewController.swift */ = {isa = PBXFileReference; lastKnownFileType = sourcecode.swift; path = ViewController.swift; sourceTree = "<group>"; };
		DCF9337C228BD8590045CC3F /* Base */ = {isa = PBXFileReference; lastKnownFileType = file.storyboard; name = Base; path = Base.lproj/Main.storyboard; sourceTree = "<group>"; };
		DCF9337E228BD85C0045CC3F /* Assets.xcassets */ = {isa = PBXFileReference; lastKnownFileType = folder.assetcatalog; path = Assets.xcassets; sourceTree = "<group>"; };
		DCF93381228BD85C0045CC3F /* Base */ = {isa = PBXFileReference; lastKnownFileType = file.storyboard; name = Base; path = Base.lproj/LaunchScreen.storyboard; sourceTree = "<group>"; };
		DCF93383228BD85C0045CC3F /* Info.plist */ = {isa = PBXFileReference; lastKnownFileType = text.plist.xml; path = Info.plist; sourceTree = "<group>"; };
		DCF93389228BE5960045CC3F /* LearnerModel.swift */ = {isa = PBXFileReference; lastKnownFileType = sourcecode.swift; path = LearnerModel.swift; sourceTree = "<group>"; };
/* End PBXFileReference section */

/* Begin PBXFrameworksBuildPhase section */
		DCF93371228BD8580045CC3F /* Frameworks */ = {
			isa = PBXFrameworksBuildPhase;
			buildActionMask = 2147483647;
			files = (
			);
			runOnlyForDeploymentPostprocessing = 0;
		};
/* End PBXFrameworksBuildPhase section */

/* Begin PBXGroup section */
		DCF9336B228BD8580045CC3F = {
			isa = PBXGroup;
			children = (
				DCF93376228BD8580045CC3F /* LearnerOOP */,
				DCF93375228BD8580045CC3F /* Products */,
			);
			sourceTree = "<group>";
		};
		DCF93375228BD8580045CC3F /* Products */ = {
			isa = PBXGroup;
			children = (
				DCF93374228BD8580045CC3F /* LearnerOOP.app */,
			);
			name = Products;
			sourceTree = "<group>";
		};
		DCF93376228BD8580045CC3F /* LearnerOOP */ = {
			isa = PBXGroup;
			children = (
				DCF93377228BD8580045CC3F /* AppDelegate.swift */,
				DCF93379228BD8580045CC3F /* ViewController.swift */,
				DCF9337B228BD8590045CC3F /* Main.storyboard */,
				DCF9337E228BD85C0045CC3F /* Assets.xcassets */,
				DCF93380228BD85C0045CC3F /* LaunchScreen.storyboard */,
				DCF93383228BD85C0045CC3F /* Info.plist */,
				DCF93389228BE5960045CC3F /* LearnerModel.swift */,
				DC6E1BF0228BF80700A4A1F9 /* LaptopModel.swift */,
				DC6E1BF2228C030900A4A1F9 /* FacilitatorModel.swift */,
				DC6E1BF4228C098E00A4A1F9 /* RoundedButton.swift */,
			);
			path = LearnerOOP;
			sourceTree = "<group>";
		};
/* End PBXGroup section */

/* Begin PBXNativeTarget section */
		DCF93373228BD8580045CC3F /* LearnerOOP */ = {
			isa = PBXNativeTarget;
			buildConfigurationList = DCF93386228BD85C0045CC3F /* Build configuration list for PBXNativeTarget "LearnerOOP" */;
			buildPhases = (
				DCF93370228BD8580045CC3F /* Sources */,
				DCF93371228BD8580045CC3F /* Frameworks */,
				DCF93372228BD8580045CC3F /* Resources */,
			);
			buildRules = (
			);
			dependencies = (
			);
			name = LearnerOOP;
			productName = LearnerOOP;
			productReference = DCF93374228BD8580045CC3F /* LearnerOOP.app */;
			productType = "com.apple.product-type.application";
		};
/* End PBXNativeTarget section */

/* Begin PBXProject section */
		DCF9336C228BD8580045CC3F /* Project object */ = {
			isa = PBXProject;
			attributes = {
				LastSwiftUpdateCheck = 1020;
				LastUpgradeCheck = 1020;
				ORGANIZATIONNAME = "Jasmine Hanifa Mounir";
				TargetAttributes = {
					DCF93373228BD8580045CC3F = {
						CreatedOnToolsVersion = 10.2.1;
					};
				};
			};
			buildConfigurationList = DCF9336F228BD8580045CC3F /* Build configuration list for PBXProject "LearnerOOP" */;
			compatibilityVersion = "Xcode 9.3";
			developmentRegion = en;
			hasScannedForEncodings = 0;
			knownRegions = (
				en,
				Base,
			);
			mainGroup = DCF9336B228BD8580045CC3F;
			productRefGroup = DCF93375228BD8580045CC3F /* Products */;
			projectDirPath = "";
			projectRoot = "";
			targets = (
				DCF93373228BD8580045CC3F /* LearnerOOP */,
			);
		};
/* End PBXProject section */

/* Begin PBXResourcesBuildPhase section */
		DCF93372228BD8580045CC3F /* Resources */ = {
			isa = PBXResourcesBuildPhase;
			buildActionMask = 2147483647;
			files = (
				DCF93382228BD85C0045CC3F /* LaunchScreen.storyboard in Resources */,
				DCF9337F228BD85C0045CC3F /* Assets.xcassets in Resources */,
				DCF9337D228BD8590045CC3F /* Main.storyboard in Resources */,
			);
			runOnlyForDeploymentPostprocessing = 0;
		};
/* End PBXResourcesBuildPhase section */

/* Begin PBXSourcesBuildPhase section */
		DCF93370228BD8580045CC3F /* Sources */ = {
			isa = PBXSourcesBuildPhase;
			buildActionMask = 2147483647;
			files = (
				DCF9337A228BD8580045CC3F /* ViewController.swift in Sources */,
				DC6E1BF5228C098E00A4A1F9 /* RoundedButton.swift in Sources */,
				DC6E1BF1228BF80700A4A1F9 /* LaptopModel.swift in Sources */,
				DCF9338A228BE5960045CC3F /* LearnerModel.swift in Sources */,
				DC6E1BF3228C030900A4A1F9 /* FacilitatorModel.swift in Sources */,
				DCF93378228BD8580045CC3F /* AppDelegate.swift in Sources */,
			);
			runOnlyForDeploymentPostprocessing = 0;
		};
/* End PBXSourcesBuildPhase section */

/* Begin PBXVariantGroup section */
		DCF9337B228BD8590045CC3F /* Main.storyboard */ = {
			isa = PBXVariantGroup;
			children = (
				DCF9337C228BD8590045CC3F /* Base */,
			);
			name = Main.storyboard;
			sourceTree = "<group>";
		};
		DCF93380228BD85C0045CC3F /* LaunchScreen.storyboard */ = {
			isa = PBXVariantGroup;
			children = (
				DCF93381228BD85C0045CC3F /* Base */,
			);
			name = LaunchScreen.storyboard;
			sourceTree = "<group>";
		};
/* End PBXVariantGroup section */

/* Begin XCBuildConfiguration section */
		DCF93384228BD85C0045CC3F /* Debug */ = {
			isa = XCBuildConfiguration;
			buildSettings = {
				ALWAYS_SEARCH_USER_PATHS = NO;
				CLANG_ANALYZER_NONNULL = YES;
				CLANG_ANALYZER_NUMBER_OBJECT_CONVERSION = YES_AGGRESSIVE;
				CLANG_CXX_LANGUAGE_STANDARD = "gnu++14";
				CLANG_CXX_LIBRARY = "libc++";
				CLANG_ENABLE_MODULES = YES;
				CLANG_ENABLE_OBJC_ARC = YES;
				CLANG_ENABLE_OBJC_WEAK = YES;
				CLANG_WARN_BLOCK_CAPTURE_AUTORELEASING = YES;
				CLANG_WARN_BOOL_CONVERSION = YES;
				CLANG_WARN_COMMA = YES;
				CLANG_WARN_CONSTANT_CONVERSION = YES;
				CLANG_WARN_DEPRECATED_OBJC_IMPLEMENTATIONS = YES;
				CLANG_WARN_DIRECT_OBJC_ISA_USAGE = YES_ERROR;
				CLANG_WARN_DOCUMENTATION_COMMENTS = YES;
				CLANG_WARN_EMPTY_BODY = YES;
				CLANG_WARN_ENUM_CONVERSION = YES;
				CLANG_WARN_INFINITE_RECURSION = YES;
				CLANG_WARN_INT_CONVERSION = YES;
				CLANG_WARN_NON_LITERAL_NULL_CONVERSION = YES;
				CLANG_WARN_OBJC_IMPLICIT_RETAIN_SELF = YES;
				CLANG_WARN_OBJC_LITERAL_CONVERSION = YES;
				CLANG_WARN_OBJC_ROOT_CLASS = YES_ERROR;
				CLANG_WARN_RANGE_LOOP_ANALYSIS = YES;
				CLANG_WARN_STRICT_PROTOTYPES = YES;
				CLANG_WARN_SUSPICIOUS_MOVE = YES;
				CLANG_WARN_UNGUARDED_AVAILABILITY = YES_AGGRESSIVE;
				CLANG_WARN_UNREACHABLE_CODE = YES;
				CLANG_WARN__DUPLICATE_METHOD_MATCH = YES;
				CODE_SIGN_IDENTITY = "iPhone Developer";
				COPY_PHASE_STRIP = NO;
				DEBUG_INFORMATION_FORMAT = dwarf;
				ENABLE_STRICT_OBJC_MSGSEND = YES;
				ENABLE_TESTABILITY = YES;
				GCC_C_LANGUAGE_STANDARD = gnu11;
				GCC_DYNAMIC_NO_PIC = NO;
				GCC_NO_COMMON_BLOCKS = YES;
				GCC_OPTIMIZATION_LEVEL = 0;
				GCC_PREPROCESSOR_DEFINITIONS = (
					"DEBUG=1",
					"$(inherited)",
				);
				GCC_WARN_64_TO_32_BIT_CONVERSION = YES;
				GCC_WARN_ABOUT_RETURN_TYPE = YES_ERROR;
				GCC_WARN_UNDECLARED_SELECTOR = YES;
				GCC_WARN_UNINITIALIZED_AUTOS = YES_AGGRESSIVE;
				GCC_WARN_UNUSED_FUNCTION = YES;
				GCC_WARN_UNUSED_VARIABLE = YES;
				IPHONEOS_DEPLOYMENT_TARGET = 12.2;
				MTL_ENABLE_DEBUG_INFO = INCLUDE_SOURCE;
				MTL_FAST_MATH = YES;
				ONLY_ACTIVE_ARCH = YES;
				SDKROOT = iphoneos;
				SWIFT_ACTIVE_COMPILATION_CONDITIONS = DEBUG;
				SWIFT_OPTIMIZATION_LEVEL = "-Onone";
			};
			name = Debug;
		};
		DCF93385228BD85C0045CC3F /* Release */ = {
			isa = XCBuildConfiguration;
			buildSettings = {
				ALWAYS_SEARCH_USER_PATHS = NO;
				CLANG_ANALYZER_NONNULL = YES;
				CLANG_ANALYZER_NUMBER_OBJECT_CONVERSION = YES_AGGRESSIVE;
				CLANG_CXX_LANGUAGE_STANDARD = "gnu++14";
				CLANG_CXX_LIBRARY = "libc++";
				CLANG_ENABLE_MODULES = YES;
				CLANG_ENABLE_OBJC_ARC = YES;
				CLANG_ENABLE_OBJC_WEAK = YES;
				CLANG_WARN_BLOCK_CAPTURE_AUTORELEASING = YES;
				CLANG_WARN_BOOL_CONVERSION = YES;
				CLANG_WARN_COMMA = YES;
				CLANG_WARN_CONSTANT_CONVERSION = YES;
				CLANG_WARN_DEPRECATED_OBJC_IMPLEMENTATIONS = YES;
				CLANG_WARN_DIRECT_OBJC_ISA_USAGE = YES_ERROR;
				CLANG_WARN_DOCUMENTATION_COMMENTS = YES;
				CLANG_WARN_EMPTY_BODY = YES;
				CLANG_WARN_ENUM_CONVERSION = YES;
				CLANG_WARN_INFINITE_RECURSION = YES;
				CLANG_WARN_INT_CONVERSION = YES;
				CLANG_WARN_NON_LITERAL_NULL_CONVERSION = YES;
				CLANG_WARN_OBJC_IMPLICIT_RETAIN_SELF = YES;
				CLANG_WARN_OBJC_LITERAL_CONVERSION = YES;
				CLANG_WARN_OBJC_ROOT_CLASS = YES_ERROR;
				CLANG_WARN_RANGE_LOOP_ANALYSIS = YES;
				CLANG_WARN_STRICT_PROTOTYPES = YES;
				CLANG_WARN_SUSPICIOUS_MOVE = YES;
				CLANG_WARN_UNGUARDED_AVAILABILITY = YES_AGGRESSIVE;
				CLANG_WARN_UNREACHABLE_CODE = YES;
				CLANG_WARN__DUPLICATE_METHOD_MATCH = YES;
				CODE_SIGN_IDENTITY = "iPhone Developer";
				COPY_PHASE_STRIP = NO;
				DEBUG_INFORMATION_FORMAT = "dwarf-with-dsym";
				ENABLE_NS_ASSERTIONS = NO;
				ENABLE_STRICT_OBJC_MSGSEND = YES;
				GCC_C_LANGUAGE_STANDARD = gnu11;
				GCC_NO_COMMON_BLOCKS = YES;
				GCC_WARN_64_TO_32_BIT_CONVERSION = YES;
				GCC_WARN_ABOUT_RETURN_TYPE = YES_ERROR;
				GCC_WARN_UNDECLARED_SELECTOR = YES;
				GCC_WARN_UNINITIALIZED_AUTOS = YES_AGGRESSIVE;
				GCC_WARN_UNUSED_FUNCTION = YES;
				GCC_WARN_UNUSED_VARIABLE = YES;
				IPHONEOS_DEPLOYMENT_TARGET = 12.2;
				MTL_ENABLE_DEBUG_INFO = NO;
				MTL_FAST_MATH = YES;
				SDKROOT = iphoneos;
				SWIFT_COMPILATION_MODE = wholemodule;
				SWIFT_OPTIMIZATION_LEVEL = "-O";
				VALIDATE_PRODUCT = YES;
			};
			name = Release;
		};
		DCF93387228BD85C0045CC3F /* Debug */ = {
			isa = XCBuildConfiguration;
			buildSettings = {
				ASSETCATALOG_COMPILER_APPICON_NAME = AppIcon;
				CODE_SIGN_IDENTITY = "iPhone Developer";
				CODE_SIGN_STYLE = Automatic;
				DEVELOPMENT_TEAM = 4H65A594JP;
				INFOPLIST_FILE = LearnerOOP/Info.plist;
				LD_RUNPATH_SEARCH_PATHS = (
					"$(inherited)",
					"@executable_path/Frameworks",
				);
				PRODUCT_BUNDLE_IDENTIFIER = com.jasmine.LearnerOOP;
				PRODUCT_NAME = "$(TARGET_NAME)";
				PROVISIONING_PROFILE_SPECIFIER = "";
				SWIFT_VERSION = 5.0;
				TARGETED_DEVICE_FAMILY = "1,2";
			};
			name = Debug;
		};
		DCF93388228BD85C0045CC3F /* Release */ = {
			isa = XCBuildConfiguration;
			buildSettings = {
				ASSETCATALOG_COMPILER_APPICON_NAME = AppIcon;
				CODE_SIGN_IDENTITY = "iPhone Developer";
				CODE_SIGN_STYLE = Automatic;
				DEVELOPMENT_TEAM = 4H65A594JP;
				INFOPLIST_FILE = LearnerOOP/Info.plist;
				LD_RUNPATH_SEARCH_PATHS = (
					"$(inherited)",
					"@executable_path/Frameworks",
				);
				PRODUCT_BUNDLE_IDENTIFIER = com.jasmine.LearnerOOP;
				PRODUCT_NAME = "$(TARGET_NAME)";
				PROVISIONING_PROFILE_SPECIFIER = "";
				SWIFT_VERSION = 5.0;
				TARGETED_DEVICE_FAMILY = "1,2";
			};
			name = Release;
		};
/* End XCBuildConfiguration section */

/* Begin XCConfigurationList section */
		DCF9336F228BD8580045CC3F /* Build configuration list for PBXProject "LearnerOOP" */ = {
			isa = XCConfigurationList;
			buildConfigurations = (
				DCF93384228BD85C0045CC3F /* Debug */,
				DCF93385228BD85C0045CC3F /* Release */,
			);
			defaultConfigurationIsVisible = 0;
			defaultConfigurationName = Release;
		};
		DCF93386228BD85C0045CC3F /* Build configuration list for PBXNativeTarget "LearnerOOP" */ = {
			isa = XCConfigurationList;
			buildConfigurations = (
				DCF93387228BD85C0045CC3F /* Debug */,
				DCF93388228BD85C0045CC3F /* Release */,
			);
			defaultConfigurationIsVisible = 0;
			defaultConfigurationName = Release;
		};
/* End XCConfigurationList section */
	};
	rootObject = DCF9336C228BD8580045CC3F /* Project object */;
}
